
Microsoft Visual Studio Solution File, Format Version 12.00
# Visual Studio Version 16
VisualStudioVersion = 25.0.1704.5
MinimumVisualStudioVersion = 10.0.40219.1
Project("{FAE04EC0-301F-11D3-BF4B-00C04F79EFBC}") = "article-3-api-key", "article-3-api-key.csproj", "{68141A61-AF24-4BBF-85E3-4CEED8C93944}"
EndProject
Global
	GlobalSection(SolutionConfigurationPlatforms) = preSolution
		Debug|Any CPU = Debug|Any CPU
		Release|Any CPU = Release|Any CPU
	EndGlobalSection
	GlobalSection(ProjectConfigurationPlatforms) = postSolution
		{68141A61-AF24-4BBF-85E3-4CEED8C93944}.Debug|Any CPU.ActiveCfg = Debug|Any CPU
		{68141A61-AF24-4BBF-85E3-4CEED8C93944}.Debug|Any CPU.Build.0 = Debug|Any CPU
		{68141A61-AF24-4BBF-85E3-4CEED8C93944}.Release|Any CPU.ActiveCfg = Release|Any CPU
		{68141A61-AF24-4BBF-85E3-4CEED8C93944}.Release|Any CPU.Build.0 = Release|Any CPU
	EndGlobalSection
	GlobalSection(SolutionProperties) = preSolution
		HideSolutionNode = FALSE
	EndGlobalSection
	GlobalSection(ExtensibilityGlobals) = postSolution
		SolutionGuid = {6F4B9886-7416-4B91-8308-BB067DFB03B2}
	EndGlobalSection
EndGlobal
